
Microsoft Visual Studio Solution File, Format Version 12.00
# Visual Studio Version 17
VisualStudioVersion = 17.14.36414.22 d17.14
MinimumVisualStudioVersion = 10.0.40219.1
Project("{FAE04EC0-301F-11D3-BF4B-00C04F79EFBC}") = "ConsoleApp33", "ConsoleApp33\ConsoleApp33.csproj", "{7AF7040E-359C-4843-BE13-6B542196D1E7}"
EndProject
Global
	GlobalSection(SolutionConfigurationPlatforms) = preSolution
		Debug|Any CPU = Debug|Any CPU
		Release|Any CPU = Release|Any CPU
	EndGlobalSection
	GlobalSection(ProjectConfigurationPlatforms) = postSolution
		{7AF7040E-359C-4843-BE13-6B542196D1E7}.Debug|Any CPU.ActiveCfg = Debug|Any CPU
		{7AF7040E-359C-4843-BE13-6B542196D1E7}.Debug|Any CPU.Build.0 = Debug|Any CPU
		{7AF7040E-359C-4843-BE13-6B542196D1E7}.Release|Any CPU.ActiveCfg = Release|Any CPU
		{7AF7040E-359C-4843-BE13-6B542196D1E7}.Release|Any CPU.Build.0 = Release|Any CPU
	EndGlobalSection
	GlobalSection(SolutionProperties) = preSolution
		HideSolutionNode = FALSE
	EndGlobalSection
	GlobalSection(ExtensibilityGlobals) = postSolution
		SolutionGuid = {29A607B5-4099-470C-A233-A94548A95524}
	EndGlobalSection
EndGlobal
